
Microsoft Visual Studio Solution File, Format Version 12.00
# Visual Studio Version 17
VisualStudioVersion = 17.5.002.0
MinimumVisualStudioVersion = 10.0.40219.1
Project("{9A19103F-16F7-4668-BE54-9A1E7A4F7556}") = "demomann-profile-web-api", "demomann-profile-web-api.csproj", "{7BF37880-581B-4EFD-98F8-45F3FBB55435}"
EndProject
Global
	GlobalSection(SolutionConfigurationPlatforms) = preSolution
		Debug|Any CPU = Debug|Any CPU
		Release|Any CPU = Release|Any CPU
	EndGlobalSection
	GlobalSection(ProjectConfigurationPlatforms) = postSolution
		{7BF37880-581B-4EFD-98F8-45F3FBB55435}.Debug|Any CPU.ActiveCfg = Debug|Any CPU
		{7BF37880-581B-4EFD-98F8-45F3FBB55435}.Debug|Any CPU.Build.0 = Debug|Any CPU
		{7BF37880-581B-4EFD-98F8-45F3FBB55435}.Release|Any CPU.ActiveCfg = Release|Any CPU
		{7BF37880-581B-4EFD-98F8-45F3FBB55435}.Release|Any CPU.Build.0 = Release|Any CPU
	EndGlobalSection
	GlobalSection(SolutionProperties) = preSolution
		HideSolutionNode = FALSE
	EndGlobalSection
	GlobalSection(ExtensibilityGlobals) = postSolution
		SolutionGuid = {A601EA32-17FC-4C97-B012-F73FD798607E}
	EndGlobalSection
EndGlobal
